Microsoft Visual Studio Solution File, Format Version 11.00
# Visual Studio 2008

Project("{459DB6A2-4E23-F0B1-E63A-39581882094C}") = "Loup Garou", "Assembly-CSharp.csproj", "{4C126CE3-4708-609A-EDAD-70E3F8BD8A11}"
EndProject
Global
	GlobalSection(SolutionConfigurationPlatforms) = preSolution
		Debug|Any CPU = Debug|Any CPU
		Release|Any CPU = Release|Any CPU
	EndGlobalSection
	GlobalSection(ProjectConfigurationPlatforms) = postSolution
		{4C126CE3-4708-609A-EDAD-70E3F8BD8A11}.Debug|Any CPU.ActiveCfg = Debug|Any CPU
		{4C126CE3-4708-609A-EDAD-70E3F8BD8A11}.Debug|Any CPU.Build.0 = Debug|Any CPU
		{4C126CE3-4708-609A-EDAD-70E3F8BD8A11}.Release|Any CPU.ActiveCfg = Release|Any CPU
		{4C126CE3-4708-609A-EDAD-70E3F8BD8A11}.Release|Any CPU.Build.0 = Release|Any CPU
	EndGlobalSection
	GlobalSection(SolutionProperties) = preSolution
		HideSolutionNode = FALSE
	EndGlobalSection
	GlobalSection(MonoDevelopProperties) = preSolution
		StartupItem = Assembly-CSharp.csproj
	EndGlobalSection
EndGlobal
